PODS:
  - Protobuf (3.28.3)
  - SSZipArchive (2.1.4)

DEPENDENCIES:
  - Protobuf (~> 3.28.3)
  - SSZipArchive (~> 2.1.4)

SPEC REPOS:
  https://github.com/CocoaPods/Specs.git:
    - SSZipArchive
  trunk:
    - Protobuf

SPEC CHECKSUMS:
  Protobuf: 5a8a7781d8e1004302f108977ac2d5b99323146f
  SSZipArchive: 41455d4b8d2b6ab93990820b50dc697c2554a322

PODFILE CHECKSUM: 574ddc58b48c31415f022592a72bdaeb48d1a653

COCOAPODS: 1.16.2
